{
  "originHash" : "ff5c50a2d6953969dff659b425b0f2ab77cdc9af95fe7e2298a655036ff7a3db",
  "pins" : [
    {
      "identity" : "foreflightkml",
      "kind" : "remoteSourceControl",
      "location" : "https://github.com/Haelix-Code/ForeFlightKML/",
      "state" : {
        "revision" : "25a2e22beae7c4a3ee0c0082e8da42c8f1e87eda",
        "version" : "0.3.0"
      }
    },
    {
      "identity" : "geodesy",
      "kind" : "remoteSourceControl",
      "location" : "https://github.com/florianreinhart/Geodesy",
      "state" : {
        "revision" : "c72d7ea459c6eee4d041272c61f84df61d850091",
        "version" : "0.2.2"
      }
    }
  ],
  "version" : 3
}
